// !$*UTF8*$!
{
	archiveVersion = 1;
	classes = {
	};
	objectVersion = 51;
	objects = {

/* Begin PBXBuildFile section */
		6BC95BC8712BB6C9D064916F /* Pods_flixster.framework in Frameworks */ = {isa = PBXBuildFile; fileRef = B4DD235FC8AF9442DDA0485C /* Pods_flixster.framework */; };
		8CCE2E8ABD9C9F71B66D459E /* Pods_flixster_flixsterUITests.framework in Frameworks */ = {isa = PBXBuildFile; fileRef = 2723A5BE8C7F83B249F439B1 /* Pods_flixster_flixsterUITests.framework */; };
		CAD9C9E4F10ACA46C8C02889 /* Pods_flixsterTests.framework in Frameworks */ = {isa = PBXBuildFile; fileRef = 5C78BC978A6E2425BD618C29 /* Pods_flixsterTests.framework */; };
		F17FBE0D23E2AE8500CADC8B /* AppDelegate.swift in Sources */ = {isa = PBXBuildFile; fileRef = F17FBE0C23E2AE8500CADC8B /* AppDelegate.swift */; };
		F17FBE0F23E2AE8500CADC8B /* SceneDelegate.swift in Sources */ = {isa = PBXBuildFile; fileRef = F17FBE0E23E2AE8500CADC8B /* SceneDelegate.swift */; };
		F17FBE1423E2AE8500CADC8B /* Main.storyboard in Resources */ = {isa = PBXBuildFile; fileRef = F17FBE1223E2AE8500CADC8B /* Main.storyboard */; };
		F17FBE1623E2AE8700CADC8B /* Assets.xcassets in Resources */ = {isa = PBXBuildFile; fileRef = F17FBE1523E2AE8700CADC8B /* Assets.xcassets */; };
		F17FBE1923E2AE8700CADC8B /* LaunchScreen.storyboard in Resources */ = {isa = PBXBuildFile; fileRef = F17FBE1723E2AE8700CADC8B /* LaunchScreen.storyboard */; };
		F17FBE2423E2AE8700CADC8B /* flixsterTests.swift in Sources */ = {isa = PBXBuildFile; fileRef = F17FBE2323E2AE8700CADC8B /* flixsterTests.swift */; };
		F17FBE2F23E2AE8700CADC8B /* flixsterUITests.swift in Sources */ = {isa = PBXBuildFile; fileRef = F17FBE2E23E2AE8700CADC8B /* flixsterUITests.swift */; };
		F17FBE3D23E2AFB600CADC8B /* MoviesViewController.swift in Sources */ = {isa = PBXBuildFile; fileRef = F17FBE3C23E2AFB600CADC8B /* MoviesViewController.swift */; };
		F184414523ED019300B0C744 /* MovieCell.swift in Sources */ = {isa = PBXBuildFile; fileRef = F184414423ED019300B0C744 /* MovieCell.swift */; };
		F184414723ED2C5B00B0C744 /* MovieDetailsViewController.swift in Sources */ = {isa = PBXBuildFile; fileRef = F184414623ED2C5B00B0C744 /* MovieDetailsViewController.swift */; };
		F184414923ED35A000B0C744 /* MovieGridViewController.swift in Sources */ = {isa = PBXBuildFile; fileRef = F184414823ED35A000B0C744 /* MovieGridViewController.swift */; };
		F184414B23ED39B500B0C744 /* MovieGridCell.swift in Sources */ = {isa = PBXBuildFile; fileRef = F184414A23ED39B500B0C744 /* MovieGridCell.swift */; };
/* End PBXBuildFile section */

/* Begin PBXContainerItemProxy section */
		F17FBE2023E2AE8700CADC8B /* PBXContainerItemProxy */ = {
			isa = PBXContainerItemProxy;
			containerPortal = F17FBE0123E2AE8500CADC8B /* Project object */;
			proxyType = 1;
			remoteGlobalIDString = F17FBE0823E2AE8500CADC8B;
			remoteInfo = flixster;
		};
		F17FBE2B23E2AE8700CADC8B /* PBXContainerItemProxy */ = {
			isa = PBXContainerItemProxy;
			containerPortal = F17FBE0123E2AE8500CADC8B /* Project object */;
			proxyType = 1;
			remoteGlobalIDString = F17FBE0823E2AE8500CADC8B;
			remoteInfo = flixster;
		};
/* End PBXContainerItemProxy section */

/* Begin PBXFileReference section */
		2723A5BE8C7F83B249F439B1 /* Pods_flixster_flixsterUITests.framework */ = {isa = PBXFileReference; explicitFileType = wrapper.framework; includeInIndex = 0; path = Pods_flixster_flixsterUITests.framework; sourceTree = BUILT_PRODUCTS_DIR; };
		5C78BC978A6E2425BD618C29 /* Pods_flixsterTests.framework */ = {isa = PBXFileReference; explicitFileType = wrapper.framework; includeInIndex = 0; path = Pods_flixsterTests.framework; sourceTree = BUILT_PRODUCTS_DIR; };
		675C1AAA42B4826603A5E39B /* Pods-flixsterTests.release.xcconfig */ = {isa = PBXFileReference; includeInIndex = 1; lastKnownFileType = text.xcconfig; name = "Pods-flixsterTests.release.xcconfig"; path = "Target Support Files/Pods-flixsterTests/Pods-flixsterTests.release.xcconfig"; sourceTree = "<group>"; };
		A0624936465A84A6AC15EFA5 /* Pods-flixster-flixsterUITests.release.xcconfig */ = {isa = PBXFileReference; includeInIndex = 1; lastKnownFileType = text.xcconfig; name = "Pods-flixster-flixsterUITests.release.xcconfig"; path = "Target Support Files/Pods-flixster-flixsterUITests/Pods-flixster-flixsterUITests.release.xcconfig"; sourceTree = "<group>"; };
		A6333574399BB3D0C7E3E996 /* Pods-flixster-flixsterUITests.debug.xcconfig */ = {isa = PBXFileReference; includeInIndex = 1; lastKnownFileType = text.xcconfig; name = "Pods-flixster-flixsterUITests.debug.xcconfig"; path = "Target Support Files/Pods-flixster-flixsterUITests/Pods-flixster-flixsterUITests.debug.xcconfig"; sourceTree = "<group>"; };
		B4DD235FC8AF9442DDA0485C /* Pods_flixster.framework */ = {isa = PBXFileReference; explicitFileType = wrapper.framework; includeInIndex = 0; path = Pods_flixster.framework; sourceTree = BUILT_PRODUCTS_DIR; };
		D1BB8F69BB3F6475ACF6ED2A /* Pods-flixster.debug.xcconfig */ = {isa = PBXFileReference; includeInIndex = 1; lastKnownFileType = text.xcconfig; name = "Pods-flixster.debug.xcconfig"; path = "Target Support Files/Pods-flixster/Pods-flixster.debug.xcconfig"; sourceTree = "<group>"; };
		E8AE5E84A64B6A3C8C216EBD /* Pods-flixsterTests.debug.xcconfig */ = {isa = PBXFileReference; includeInIndex = 1; lastKnownFileType = text.xcconfig; name = "Pods-flixsterTests.debug.xcconfig"; path = "Target Support Files/Pods-flixsterTests/Pods-flixsterTests.debug.xcconfig"; sourceTree = "<group>"; };
		F17FBE0923E2AE8500CADC8B /* flixster.app */ = {isa = PBXFileReference; explicitFileType = wrapper.application; includeInIndex = 0; path = flixster.app; sourceTree = BUILT_PRODUCTS_DIR; };
		F17FBE0C23E2AE8500CADC8B /* AppDelegate.swift */ = {isa = PBXFileReference; lastKnownFileType = sourcecode.swift; path = AppDelegate.swift; sourceTree = "<group>"; };
		F17FBE0E23E2AE8500CADC8B /* SceneDelegate.swift */ = {isa = PBXFileReference; lastKnownFileType = sourcecode.swift; path = SceneDelegate.swift; sourceTree = "<group>"; };
		F17FBE1323E2AE8500CADC8B /* Base */ = {isa = PBXFileReference; lastKnownFileType = file.storyboard; name = Base; path = Base.lproj/Main.storyboard; sourceTree = "<group>"; };
		F17FBE1523E2AE8700CADC8B /* Assets.xcassets */ = {isa = PBXFileReference; lastKnownFileType = folder.assetcatalog; path = Assets.xcassets; sourceTree = "<group>"; };
		F17FBE1823E2AE8700CADC8B /* Base */ = {isa = PBXFileReference; lastKnownFileType = file.storyboard; name = Base; path = Base.lproj/LaunchScreen.storyboard; sourceTree = "<group>"; };
		F17FBE1A23E2AE8700CADC8B /* Info.plist */ = {isa = PBXFileReference; lastKnownFileType = text.plist.xml; path = Info.plist; sourceTree = "<group>"; };
		F17FBE1F23E2AE8700CADC8B /* flixsterTests.xctest */ = {isa = PBXFileReference; explicitFileType = wrapper.cfbundle; includeInIndex = 0; path = flixsterTests.xctest; sourceTree = BUILT_PRODUCTS_DIR; };
		F17FBE2323E2AE8700CADC8B /* flixsterTests.swift */ = {isa = PBXFileReference; lastKnownFileType = sourcecode.swift; path = flixsterTests.swift; sourceTree = "<group>"; };
		F17FBE2523E2AE8700CADC8B /* Info.plist */ = {isa = PBXFileReference; lastKnownFileType = text.plist.xml; path = Info.plist; sourceTree = "<group>"; };
		F17FBE2A23E2AE8700CADC8B /* flixsterUITests.xctest */ = {isa = PBXFileReference; explicitFileType = wrapper.cfbundle; includeInIndex = 0; path = flixsterUITests.xctest; sourceTree = BUILT_PRODUCTS_DIR; };
		F17FBE2E23E2AE8700CADC8B /* flixsterUITests.swift */ = {isa = PBXFileReference; lastKnownFileType = sourcecode.swift; path = flixsterUITests.swift; sourceTree = "<group>"; };
		F17FBE3023E2AE8700CADC8B /* Info.plist */ = {isa = PBXFileReference; lastKnownFileType = text.plist.xml; path = Info.plist; sourceTree = "<group>"; };
		F17FBE3C23E2AFB600CADC8B /* MoviesViewController.swift */ = {isa = PBXFileReference; lastKnownFileType = sourcecode.swift; path = MoviesViewController.swift; sourceTree = "<group>"; };
		F184414423ED019300B0C744 /* MovieCell.swift */ = {isa = PBXFileReference; lastKnownFileType = sourcecode.swift; path = MovieCell.swift; sourceTree = "<group>"; };
		F184414623ED2C5B00B0C744 /* MovieDetailsViewController.swift */ = {isa = PBXFileReference; lastKnownFileType = sourcecode.swift; path = MovieDetailsViewController.swift; sourceTree = "<group>"; };
		F184414823ED35A000B0C744 /* MovieGridViewController.swift */ = {isa = PBXFileReference; lastKnownFileType = sourcecode.swift; path = MovieGridViewController.swift; sourceTree = "<group>"; };
		F184414A23ED39B500B0C744 /* MovieGridCell.swift */ = {isa = PBXFileReference; lastKnownFileType = sourcecode.swift; path = MovieGridCell.swift; sourceTree = "<group>"; };
		F32BC40CB22A4EC8E46CD181 /* Pods-flixster.release.xcconfig */ = {isa = PBXFileReference; includeInIndex = 1; lastKnownFileType = text.xcconfig; name = "Pods-flixster.release.xcconfig"; path = "Target Support Files/Pods-flixster/Pods-flixster.release.xcconfig"; sourceTree = "<group>"; };
/* End PBXFileReference section */

/* Begin PBXFrameworksBuildPhase section */
		F17FBE0623E2AE8500CADC8B /* Frameworks */ = {
			isa = PBXFrameworksBuildPhase;
			buildActionMask = 2147483647;
			files = (
				6BC95BC8712BB6C9D064916F /* Pods_flixster.framework in Frameworks */,
			);
			runOnlyForDeploymentPostprocessing = 0;
		};
		F17FBE1C23E2AE8700CADC8B /* Frameworks */ = {
			isa = PBXFrameworksBuildPhase;
			buildActionMask = 2147483647;
			files = (
				CAD9C9E4F10ACA46C8C02889 /* Pods_flixsterTests.framework in Frameworks */,
			);
			runOnlyForDeploymentPostprocessing = 0;
		};
		F17FBE2723E2AE8700CADC8B /* Frameworks */ = {
			isa = PBXFrameworksBuildPhase;
			buildActionMask = 2147483647;
			files = (
				8CCE2E8ABD9C9F71B66D459E /* Pods_flixster_flixsterUITests.framework in Frameworks */,
			);
			runOnlyForDeploymentPostprocessing = 0;
		};
/* End PBXFrameworksBuildPhase section */

/* Begin PBXGroup section */
		24758D02666FB4A2BA39E027 /* Frameworks */ = {
			isa = PBXGroup;
			children = (
				B4DD235FC8AF9442DDA0485C /* Pods_flixster.framework */,
				2723A5BE8C7F83B249F439B1 /* Pods_flixster_flixsterUITests.framework */,
				5C78BC978A6E2425BD618C29 /* Pods_flixsterTests.framework */,
			);
			name = Frameworks;
			sourceTree = "<group>";
		};
		3E3A2BB0A0C112B5A7628E35 /* Pods */ = {
			isa = PBXGroup;
			children = (
				D1BB8F69BB3F6475ACF6ED2A /* Pods-flixster.debug.xcconfig */,
				F32BC40CB22A4EC8E46CD181 /* Pods-flixster.release.xcconfig */,
				A6333574399BB3D0C7E3E996 /* Pods-flixster-flixsterUITests.debug.xcconfig */,
				A0624936465A84A6AC15EFA5 /* Pods-flixster-flixsterUITests.release.xcconfig */,
				E8AE5E84A64B6A3C8C216EBD /* Pods-flixsterTests.debug.xcconfig */,
				675C1AAA42B4826603A5E39B /* Pods-flixsterTests.release.xcconfig */,
			);
			path = Pods;
			sourceTree = "<group>";
		};
		F17FBE0023E2AE8500CADC8B = {
			isa = PBXGroup;
			children = (
				F17FBE0B23E2AE8500CADC8B /* flixster */,
				F17FBE2223E2AE8700CADC8B /* flixsterTests */,
				F17FBE2D23E2AE8700CADC8B /* flixsterUITests */,
				F17FBE0A23E2AE8500CADC8B /* Products */,
				3E3A2BB0A0C112B5A7628E35 /* Pods */,
				24758D02666FB4A2BA39E027 /* Frameworks */,
			);
			sourceTree = "<group>";
		};
		F17FBE0A23E2AE8500CADC8B /* Products */ = {
			isa = PBXGroup;
			children = (
				F17FBE0923E2AE8500CADC8B /* flixster.app */,
				F17FBE1F23E2AE8700CADC8B /* flixsterTests.xctest */,
				F17FBE2A23E2AE8700CADC8B /* flixsterUITests.xctest */,
			);
			name = Products;
			sourceTree = "<group>";
		};
		F17FBE0B23E2AE8500CADC8B /* flixster */ = {
			isa = PBXGroup;
			children = (
				F17FBE3C23E2AFB600CADC8B /* MoviesViewController.swift */,
				F17FBE0C23E2AE8500CADC8B /* AppDelegate.swift */,
				F17FBE0E23E2AE8500CADC8B /* SceneDelegate.swift */,
				F17FBE1223E2AE8500CADC8B /* Main.storyboard */,
				F184414A23ED39B500B0C744 /* MovieGridCell.swift */,
				F184414823ED35A000B0C744 /* MovieGridViewController.swift */,
				F184414623ED2C5B00B0C744 /* MovieDetailsViewController.swift */,
				F184414423ED019300B0C744 /* MovieCell.swift */,
				F17FBE1523E2AE8700CADC8B /* Assets.xcassets */,
				F17FBE1723E2AE8700CADC8B /* LaunchScreen.storyboard */,
				F17FBE1A23E2AE8700CADC8B /* Info.plist */,
			);
			path = flixster;
			sourceTree = "<group>";
		};
		F17FBE2223E2AE8700CADC8B /* flixsterTests */ = {
			isa = PBXGroup;
			children = (
				F17FBE2323E2AE8700CADC8B /* flixsterTests.swift */,
				F17FBE2523E2AE8700CADC8B /* Info.plist */,
			);
			path = flixsterTests;
			sourceTree = "<group>";
		};
		F17FBE2D23E2AE8700CADC8B /* flixsterUITests */ = {
			isa = PBXGroup;
			children = (
				F17FBE2E23E2AE8700CADC8B /* flixsterUITests.swift */,
				F17FBE3023E2AE8700CADC8B /* Info.plist */,
			);
			path = flixsterUITests;
			sourceTree = "<group>";
		};
/* End PBXGroup section */

/* Begin PBXNativeTarget section */
		F17FBE0823E2AE8500CADC8B /* flixster */ = {
			isa = PBXNativeTarget;
			buildConfigurationList = F17FBE3323E2AE8700CADC8B /* Build configuration list for PBXNativeTarget "flixster" */;
			buildPhases = (
				DDEE445DA05DE7ABFD32FD52 /* [CP] Check Pods Manifest.lock */,
				F17FBE0523E2AE8500CADC8B /* Sources */,
				F17FBE0623E2AE8500CADC8B /* Frameworks */,
				F17FBE0723E2AE8500CADC8B /* Resources */,
				18333596E423FB2F102902DC /* [CP] Embed Pods Frameworks */,
			);
			buildRules = (
			);
			dependencies = (
			);
			name = flixster;
			productName = flixster;
			productReference = F17FBE0923E2AE8500CADC8B /* flixster.app */;
			productType = "com.apple.product-type.application";
		};
		F17FBE1E23E2AE8700CADC8B /* flixsterTests */ = {
			isa = PBXNativeTarget;
			buildConfigurationList = F17FBE3623E2AE8700CADC8B /* Build configuration list for PBXNativeTarget "flixsterTests" */;
			buildPhases = (
				CC535F7AD35B3F1F0DEA5309 /* [CP] Check Pods Manifest.lock */,
				F17FBE1B23E2AE8700CADC8B /* Sources */,
				F17FBE1C23E2AE8700CADC8B /* Frameworks */,
				F17FBE1D23E2AE8700CADC8B /* Resources */,
			);
			buildRules = (
			);
			dependencies = (
				F17FBE2123E2AE8700CADC8B /* PBXTargetDependency */,
			);
			name = flixsterTests;
			productName = flixsterTests;
			productReference = F17FBE1F23E2AE8700CADC8B /* flixsterTests.xctest */;
			productType = "com.apple.product-type.bundle.unit-test";
		};
		F17FBE2923E2AE8700CADC8B /* flixsterUITests */ = {
			isa = PBXNativeTarget;
			buildConfigurationList = F17FBE3923E2AE8700CADC8B /* Build configuration list for PBXNativeTarget "flixsterUITests" */;
			buildPhases = (
				5F44B2C59CB5FA8B8D1EB31B /* [CP] Check Pods Manifest.lock */,
				F17FBE2623E2AE8700CADC8B /* Sources */,
				F17FBE2723E2AE8700CADC8B /* Frameworks */,
				F17FBE2823E2AE8700CADC8B /* Resources */,
				ACB2030531C4053E6F700C7E /* [CP] Embed Pods Frameworks */,
			);
			buildRules = (
			);
			dependencies = (
				F17FBE2C23E2AE8700CADC8B /* PBXTargetDependency */,
			);
			name = flixsterUITests;
			productName = flixsterUITests;
			productReference = F17FBE2A23E2AE8700CADC8B /* flixsterUITests.xctest */;
			productType = "com.apple.product-type.bundle.ui-testing";
		};
/* End PBXNativeTarget section */

/* Begin PBXProject section */
		F17FBE0123E2AE8500CADC8B /* Project object */ = {
			isa = PBXProject;
			attributes = {
				LastSwiftUpdateCheck = 1130;
				LastUpgradeCheck = 1130;
				ORGANIZATIONNAME = salas.jorge;
				TargetAttributes = {
					F17FBE0823E2AE8500CADC8B = {
						CreatedOnToolsVersion = 11.3.1;
					};
					F17FBE1E23E2AE8700CADC8B = {
						CreatedOnToolsVersion = 11.3.1;
						TestTargetID = F17FBE0823E2AE8500CADC8B;
					};
					F17FBE2923E2AE8700CADC8B = {
						CreatedOnToolsVersion = 11.3.1;
						TestTargetID = F17FBE0823E2AE8500CADC8B;
					};
				};
			};
			buildConfigurationList = F17FBE0423E2AE8500CADC8B /* Build configuration list for PBXProject "flixster" */;
			compatibilityVersion = "Xcode 9.3";
			developmentRegion = en;
			hasScannedForEncodings = 0;
			knownRegions = (
				en,
				Base,
			);
			mainGroup = F17FBE0023E2AE8500CADC8B;
			productRefGroup = F17FBE0A23E2AE8500CADC8B /* Products */;
			projectDirPath = "";
			projectRoot = "";
			targets = (
				F17FBE0823E2AE8500CADC8B /* flixster */,
				F17FBE1E23E2AE8700CADC8B /* flixsterTests */,
				F17FBE2923E2AE8700CADC8B /* flixsterUITests */,
			);
		};
/* End PBXProject section */

/* Begin PBXResourcesBuildPhase section */
		F17FBE0723E2AE8500CADC8B /* Resources */ = {
			isa = PBXResourcesBuildPhase;
			buildActionMask = 2147483647;
			files = (
				F17FBE1923E2AE8700CADC8B /* LaunchScreen.storyboard in Resources */,
				F17FBE1623E2AE8700CADC8B /* Assets.xcassets in Resources */,
				F17FBE1423E2AE8500CADC8B /* Main.storyboard in Resources */,
			);
			runOnlyForDeploymentPostprocessing = 0;
		};
		F17FBE1D23E2AE8700CADC8B /* Resources */ = {
			isa = PBXResourcesBuildPhase;
			buildActionMask = 2147483647;
			files = (
			);
			runOnlyForDeploymentPostprocessing = 0;
		};
		F17FBE2823E2AE8700CADC8B /* Resources */ = {
			isa = PBXResourcesBuildPhase;
			buildActionMask = 2147483647;
			files = (
			);
			runOnlyForDeploymentPostprocessing = 0;
		};
/* End PBXResourcesBuildPhase section */

/* Begin PBXShellScriptBuildPhase section */
		18333596E423FB2F102902DC /* [CP] Embed Pods Frameworks */ = {
			isa = PBXShellScriptBuildPhase;
			buildActionMask = 2147483647;
			files = (
			);
			inputFileListPaths = (
				"${PODS_ROOT}/Target Support Files/Pods-flixster/Pods-flixster-frameworks-${CONFIGURATION}-input-files.xcfilelist",
			);
			name = "[CP] Embed Pods Frameworks";
			outputFileListPaths = (
				"${PODS_ROOT}/Target Support Files/Pods-flixster/Pods-flixster-frameworks-${CONFIGURATION}-output-files.xcfilelist",
			);
			runOnlyForDeploymentPostprocessing = 0;
			shellPath = /bin/sh;
			shellScript = "\"${PODS_ROOT}/Target Support Files/Pods-flixster/Pods-flixster-frameworks.sh\"\n";
			showEnvVarsInLog = 0;
		};
		5F44B2C59CB5FA8B8D1EB31B /* [CP] Check Pods Manifest.lock */ = {
			isa = PBXShellScriptBuildPhase;
			buildActionMask = 2147483647;
			files = (
			);
			inputFileListPaths = (
			);
			inputPaths = (
				"${PODS_PODFILE_DIR_PATH}/Podfile.lock",
				"${PODS_ROOT}/Manifest.lock",
			);
			name = "[CP] Check Pods Manifest.lock";
			outputFileListPaths = (
			);
			outputPaths = (
				"$(DERIVED_FILE_DIR)/Pods-flixster-flixsterUITests-checkManifestLockResult.txt",
			);
			runOnlyForDeploymentPostprocessing = 0;
			shellPath = /bin/sh;
			shellScript = "diff \"${PODS_PODFILE_DIR_PATH}/Podfile.lock\" \"${PODS_ROOT}/Manifest.lock\" > /dev/null\nif [ $? != 0 ] ; then\n    # print error to STDERR\n    echo \"error: The sandbox is not in sync with the Podfile.lock. Run 'pod install' or update your CocoaPods installation.\" >&2\n    exit 1\nfi\n# This output is used by Xcode 'outputs' to avoid re-running this script phase.\necho \"SUCCESS\" > \"${SCRIPT_OUTPUT_FILE_0}\"\n";
			showEnvVarsInLog = 0;
		};
		ACB2030531C4053E6F700C7E /* [CP] Embed Pods Frameworks */ = {
			isa = PBXShellScriptBuildPhase;
			buildActionMask = 2147483647;
			files = (
			);
			inputFileListPaths = (
				"${PODS_ROOT}/Target Support Files/Pods-flixster-flixsterUITests/Pods-flixster-flixsterUITests-frameworks-${CONFIGURATION}-input-files.xcfilelist",
			);
			name = "[CP] Embed Pods Frameworks";
			outputFileListPaths = (
				"${PODS_ROOT}/Target Support Files/Pods-flixster-flixsterUITests/Pods-flixster-flixsterUITests-frameworks-${CONFIGURATION}-output-files.xcfilelist",
			);
			runOnlyForDeploymentPostprocessing = 0;
			shellPath = /bin/sh;
			shellScript = "\"${PODS_ROOT}/Target Support Files/Pods-flixster-flixsterUITests/Pods-flixster-flixsterUITests-frameworks.sh\"\n";
			showEnvVarsInLog = 0;
		};
		CC535F7AD35B3F1F0DEA5309 /* [CP] Check Pods Manifest.lock */ = {
			isa = PBXShellScriptBuildPhase;
			buildActionMask = 2147483647;
			files = (
			);
			inputFileListPaths = (
			);
			inputPaths = (
				"${PODS_PODFILE_DIR_PATH}/Podfile.lock",
				"${PODS_ROOT}/Manifest.lock",
			);
			name = "[CP] Check Pods Manifest.lock";
			outputFileListPaths = (
			);
			outputPaths = (
				"$(DERIVED_FILE_DIR)/Pods-flixsterTests-checkManifestLockResult.txt",
			);
			runOnlyForDeploymentPostprocessing = 0;
			shellPath = /bin/sh;
			shellScript = "diff \"${PODS_PODFILE_DIR_PATH}/Podfile.lock\" \"${PODS_ROOT}/Manifest.lock\" > /dev/null\nif [ $? != 0 ] ; then\n    # print error to STDERR\n    echo \"error: The sandbox is not in sync with the Podfile.lock. Run 'pod install' or update your CocoaPods installation.\" >&2\n    exit 1\nfi\n# This output is used by Xcode 'outputs' to avoid re-running this script phase.\necho \"SUCCESS\" > \"${SCRIPT_OUTPUT_FILE_0}\"\n";
			showEnvVarsInLog = 0;
		};
		DDEE445DA05DE7ABFD32FD52 /* [CP] Check Pods Manifest.lock */ = {
			isa = PBXShellScriptBuildPhase;
			buildActionMask = 2147483647;
			files = (
			);
			inputFileListPaths = (
			);
			inputPaths = (
				"${PODS_PODFILE_DIR_PATH}/Podfile.lock",
				"${PODS_ROOT}/Manifest.lock",
			);
			name = "[CP] Check Pods Manifest.lock";
			outputFileListPaths = (
			);
			outputPaths = (
				"$(DERIVED_FILE_DIR)/Pods-flixster-checkManifestLockResult.txt",
			);
			runOnlyForDeploymentPostprocessing = 0;
			shellPath = /bin/sh;
			shellScript = "diff \"${PODS_PODFILE_DIR_PATH}/Podfile.lock\" \"${PODS_ROOT}/Manifest.lock\" > /dev/null\nif [ $? != 0 ] ; then\n    # print error to STDERR\n    echo \"error: The sandbox is not in sync with the Podfile.lock. Run 'pod install' or update your CocoaPods installation.\" >&2\n    exit 1\nfi\n# This output is used by Xcode 'outputs' to avoid re-running this script phase.\necho \"SUCCESS\" > \"${SCRIPT_OUTPUT_FILE_0}\"\n";
			showEnvVarsInLog = 0;
		};
/* End PBXShellScriptBuildPhase section */

/* Begin PBXSourcesBuildPhase section */
		F17FBE0523E2AE8500CADC8B /* Sources */ = {
			isa = PBXSourcesBuildPhase;
			buildActionMask = 2147483647;
			files = (
				F184414723ED2C5B00B0C744 /* MovieDetailsViewController.swift in Sources */,
				F17FBE0D23E2AE8500CADC8B /* AppDelegate.swift in Sources */,
				F17FBE0F23E2AE8500CADC8B /* SceneDelegate.swift in Sources */,
				F184414523ED019300B0C744 /* MovieCell.swift in Sources */,
				F17FBE3D23E2AFB600CADC8B /* MoviesViewController.swift in Sources */,
				F184414923ED35A000B0C744 /* MovieGridViewController.swift in Sources */,
				F184414B23ED39B500B0C744 /* MovieGridCell.swift in Sources */,
			);
			runOnlyForDeploymentPostprocessing = 0;
		};
		F17FBE1B23E2AE8700CADC8B /* Sources */ = {
			isa = PBXSourcesBuildPhase;
			buildActionMask = 2147483647;
			files = (
				F17FBE2423E2AE8700CADC8B /* flixsterTests.swift in Sources */,
			);
			runOnlyForDeploymentPostprocessing = 0;
		};
		F17FBE2623E2AE8700CADC8B /* Sources */ = {
			isa = PBXSourcesBuildPhase;
			buildActionMask = 2147483647;
			files = (
				F17FBE2F23E2AE8700CADC8B /* flixsterUITests.swift in Sources */,
			);
			runOnlyForDeploymentPostprocessing = 0;
		};
/* End PBXSourcesBuildPhase section */

/* Begin PBXTargetDependency section */
		F17FBE2123E2AE8700CADC8B /* PBXTargetDependency */ = {
			isa = PBXTargetDependency;
			target = F17FBE0823E2AE8500CADC8B /* flixster */;
			targetProxy = F17FBE2023E2AE8700CADC8B /* PBXContainerItemProxy */;
		};
		F17FBE2C23E2AE8700CADC8B /* PBXTargetDependency */ = {
			isa = PBXTargetDependency;
			target = F17FBE0823E2AE8500CADC8B /* flixster */;
			targetProxy = F17FBE2B23E2AE8700CADC8B /* PBXContainerItemProxy */;
		};
/* End PBXTargetDependency section */

/* Begin PBXVariantGroup section */
		F17FBE1223E2AE8500CADC8B /* Main.storyboard */ = {
			isa = PBXVariantGroup;
			children = (
				F17FBE1323E2AE8500CADC8B /* Base */,
			);
			name = Main.storyboard;
			sourceTree = "<group>";
		};
		F17FBE1723E2AE8700CADC8B /* LaunchScreen.storyboard */ = {
			isa = PBXVariantGroup;
			children = (
				F17FBE1823E2AE8700CADC8B /* Base */,
			);
			name = LaunchScreen.storyboard;
			sourceTree = "<group>";
		};
/* End PBXVariantGroup section */

/* Begin XCBuildConfiguration section */
		F17FBE3123E2AE8700CADC8B /* Debug */ = {
			isa = XCBuildConfiguration;
			buildSettings = {
				ALWAYS_SEARCH_USER_PATHS = NO;
				CLANG_ANALYZER_NONNULL = YES;
				CLANG_ANALYZER_NUMBER_OBJECT_CONVERSION = YES_AGGRESSIVE;
				CLANG_CXX_LANGUAGE_STANDARD = "gnu++14";
				CLANG_CXX_LIBRARY = "libc++";
				CLANG_ENABLE_MODULES = YES;
				CLANG_ENABLE_OBJC_ARC = YES;
				CLANG_ENABLE_OBJC_WEAK = YES;
				CLANG_WARN_BLOCK_CAPTURE_AUTORELEASING = YES;
				CLANG_WARN_BOOL_CONVERSION = YES;
				CLANG_WARN_COMMA = YES;
				CLANG_WARN_CONSTANT_CONVERSION = YES;
				CLANG_WARN_DEPRECATED_OBJC_IMPLEMENTATIONS = YES;
				CLANG_WARN_DIRECT_OBJC_ISA_USAGE = YES_ERROR;
				CLANG_WARN_DOCUMENTATION_COMMENTS = YES;
				CLANG_WARN_EMPTY_BODY = YES;
				CLANG_WARN_ENUM_CONVERSION = YES;
				CLANG_WARN_INFINITE_RECURSION = YES;
				CLANG_WARN_INT_CONVERSION = YES;
				CLANG_WARN_NON_LITERAL_NULL_CONVERSION = YES;
				CLANG_WARN_OBJC_IMPLICIT_RETAIN_SELF = YES;
				CLANG_WARN_OBJC_LITERAL_CONVERSION = YES;
				CLANG_WARN_OBJC_ROOT_CLASS = YES_ERROR;
				CLANG_WARN_RANGE_LOOP_ANALYSIS = YES;
				CLANG_WARN_STRICT_PROTOTYPES = YES;
				CLANG_WARN_SUSPICIOUS_MOVE = YES;
				CLANG_WARN_UNGUARDED_AVAILABILITY = YES_AGGRESSIVE;
				CLANG_WARN_UNREACHABLE_CODE = YES;
				CLANG_WARN__DUPLICATE_METHOD_MATCH = YES;
				COPY_PHASE_STRIP = NO;
				DEBUG_INFORMATION_FORMAT = dwarf;
				ENABLE_STRICT_OBJC_MSGSEND = YES;
				ENABLE_TESTABILITY = YES;
				GCC_C_LANGUAGE_STANDARD = gnu11;
				GCC_DYNAMIC_NO_PIC = NO;
				GCC_NO_COMMON_BLOCKS = YES;
				GCC_OPTIMIZATION_LEVEL = 0;
				GCC_PREPROCESSOR_DEFINITIONS = (
					"DEBUG=1",
					"$(inherited)",
				);
				GCC_WARN_64_TO_32_BIT_CONVERSION = YES;
				GCC_WARN_ABOUT_RETURN_TYPE = YES_ERROR;
				GCC_WARN_UNDECLARED_SELECTOR = YES;
				GCC_WARN_UNINITIALIZED_AUTOS = YES_AGGRESSIVE;
				GCC_WARN_UNUSED_FUNCTION = YES;
				GCC_WARN_UNUSED_VARIABLE = YES;
				IPHONEOS_DEPLOYMENT_TARGET = 13.2;
				MTL_ENABLE_DEBUG_INFO = INCLUDE_SOURCE;
				MTL_FAST_MATH = YES;
				ONLY_ACTIVE_ARCH = YES;
				SDKROOT = iphoneos;
				SWIFT_ACTIVE_COMPILATION_CONDITIONS = DEBUG;
				SWIFT_OPTIMIZATION_LEVEL = "-Onone";
			};
			name = Debug;
		};
		F17FBE3223E2AE8700CADC8B /* Release */ = {
			isa = XCBuildConfiguration;
			buildSettings = {
				ALWAYS_SEARCH_USER_PATHS = NO;
				CLANG_ANALYZER_NONNULL = YES;
				CLANG_ANALYZER_NUMBER_OBJECT_CONVERSION = YES_AGGRESSIVE;
				CLANG_CXX_LANGUAGE_STANDARD = "gnu++14";
				CLANG_CXX_LIBRARY = "libc++";
				CLANG_ENABLE_MODULES = YES;
				CLANG_ENABLE_OBJC_ARC = YES;
				CLANG_ENABLE_OBJC_WEAK = YES;
				CLANG_WARN_BLOCK_CAPTURE_AUTORELEASING = YES;
				CLANG_WARN_BOOL_CONVERSION = YES;
				CLANG_WARN_COMMA = YES;
				CLANG_WARN_CONSTANT_CONVERSION = YES;
				CLANG_WARN_DEPRECATED_OBJC_IMPLEMENTATIONS = YES;
				CLANG_WARN_DIRECT_OBJC_ISA_USAGE = YES_ERROR;
				CLANG_WARN_DOCUMENTATION_COMMENTS = YES;
				CLANG_WARN_EMPTY_BODY = YES;
				CLANG_WARN_ENUM_CONVERSION = YES;
				CLANG_WARN_INFINITE_RECURSION = YES;
				CLANG_WARN_INT_CONVERSION = YES;
				CLANG_WARN_NON_LITERAL_NULL_CONVERSION = YES;
				CLANG_WARN_OBJC_IMPLICIT_RETAIN_SELF = YES;
				CLANG_WARN_OBJC_LITERAL_CONVERSION = YES;
				CLANG_WARN_OBJC_ROOT_CLASS = YES_ERROR;
				CLANG_WARN_RANGE_LOOP_ANALYSIS = YES;
				CLANG_WARN_STRICT_PROTOTYPES = YES;
				CLANG_WARN_SUSPICIOUS_MOVE = YES;
				CLANG_WARN_UNGUARDED_AVAILABILITY = YES_AGGRESSIVE;
				CLANG_WARN_UNREACHABLE_CODE = YES;
				CLANG_WARN__DUPLICATE_METHOD_MATCH = YES;
				COPY_PHASE_STRIP = NO;
				DEBUG_INFORMATION_FORMAT = "dwarf-with-dsym";
				ENABLE_NS_ASSERTIONS = NO;
				ENABLE_STRICT_OBJC_MSGSEND = YES;
				GCC_C_LANGUAGE_STANDARD = gnu11;
				GCC_NO_COMMON_BLOCKS = YES;
				GCC_WARN_64_TO_32_BIT_CONVERSION = YES;
				GCC_WARN_ABOUT_RETURN_TYPE = YES_ERROR;
				GCC_WARN_UNDECLARED_SELECTOR = YES;
				GCC_WARN_UNINITIALIZED_AUTOS = YES_AGGRESSIVE;
				GCC_WARN_UNUSED_FUNCTION = YES;
				GCC_WARN_UNUSED_VARIABLE = YES;
				IPHONEOS_DEPLOYMENT_TARGET = 13.2;
				MTL_ENABLE_DEBUG_INFO = NO;
				MTL_FAST_MATH = YES;
				SDKROOT = iphoneos;
				SWIFT_COMPILATION_MODE = wholemodule;
				SWIFT_OPTIMIZATION_LEVEL = "-O";
				VALIDATE_PRODUCT = YES;
			};
			name = Release;
		};
		F17FBE3423E2AE8700CADC8B /* Debug */ = {
			isa = XCBuildConfiguration;
			baseConfigurationReference = D1BB8F69BB3F6475ACF6ED2A /* Pods-flixster.debug.xcconfig */;
			buildSettings = {
				ASSETCATALOG_COMPILER_APPICON_NAME = AppIcon;
				CODE_SIGN_STYLE = Automatic;
				INFOPLIST_FILE = flixster/Info.plist;
				LD_RUNPATH_SEARCH_PATHS = (
					"$(inherited)",
					"@executable_path/Frameworks",
				);
				PRODUCT_BUNDLE_IDENTIFIER = com.salas.jorge.flixster;
				PRODUCT_NAME = "$(TARGET_NAME)";
				SWIFT_VERSION = 5.0;
				TARGETED_DEVICE_FAMILY = "1,2";
			};
			name = Debug;
		};
		F17FBE3523E2AE8700CADC8B /* Release */ = {
			isa = XCBuildConfiguration;
			baseConfigurationReference = F32BC40CB22A4EC8E46CD181 /* Pods-flixster.release.xcconfig */;
			buildSettings = {
				ASSETCATALOG_COMPILER_APPICON_NAME = AppIcon;
				CODE_SIGN_STYLE = Automatic;
				INFOPLIST_FILE = flixster/Info.plist;
				LD_RUNPATH_SEARCH_PATHS = (
					"$(inherited)",
					"@executable_path/Frameworks",
				);
				PRODUCT_BUNDLE_IDENTIFIER = com.salas.jorge.flixster;
				PRODUCT_NAME = "$(TARGET_NAME)";
				SWIFT_VERSION = 5.0;
				TARGETED_DEVICE_FAMILY = "1,2";
			};
			name = Release;
		};
		F17FBE3723E2AE8700CADC8B /* Debug */ = {
			isa = XCBuildConfiguration;
			baseConfigurationReference = E8AE5E84A64B6A3C8C216EBD /* Pods-flixsterTests.debug.xcconfig */;
			buildSettings = {
				ALWAYS_EMBED_SWIFT_STANDARD_LIBRARIES = YES;
				BUNDLE_LOADER = "$(TEST_HOST)";
				CODE_SIGN_STYLE = Automatic;
				INFOPLIST_FILE = flixsterTests/Info.plist;
				IPHONEOS_DEPLOYMENT_TARGET = 13.2;
				LD_RUNPATH_SEARCH_PATHS = (
					"$(inherited)",
					"@executable_path/Frameworks",
					"@loader_path/Frameworks",
				);
				PRODUCT_BUNDLE_IDENTIFIER = com.salas.jorge.flixsterTests;
				PRODUCT_NAME = "$(TARGET_NAME)";
				SWIFT_VERSION = 5.0;
				TARGETED_DEVICE_FAMILY = "1,2";
				TEST_HOST = "$(BUILT_PRODUCTS_DIR)/flixster.app/flixster";
			};
			name = Debug;
		};
		F17FBE3823E2AE8700CADC8B /* Release */ = {
			isa = XCBuildConfiguration;
			baseConfigurationReference = 675C1AAA42B4826603A5E39B /* Pods-flixsterTests.release.xcconfig */;
			buildSettings = {
				ALWAYS_EMBED_SWIFT_STANDARD_LIBRARIES = YES;
				BUNDLE_LOADER = "$(TEST_HOST)";
				CODE_SIGN_STYLE = Automatic;
				INFOPLIST_FILE = flixsterTests/Info.plist;
				IPHONEOS_DEPLOYMENT_TARGET = 13.2;
				LD_RUNPATH_SEARCH_PATHS = (
					"$(inherited)",
					"@executable_path/Frameworks",
					"@loader_path/Frameworks",
				);
				PRODUCT_BUNDLE_IDENTIFIER = com.salas.jorge.flixsterTests;
				PRODUCT_NAME = "$(TARGET_NAME)";
				SWIFT_VERSION = 5.0;
				TARGETED_DEVICE_FAMILY = "1,2";
				TEST_HOST = "$(BUILT_PRODUCTS_DIR)/flixster.app/flixster";
			};
			name = Release;
		};
		F17FBE3A23E2AE8700CADC8B /* Debug */ = {
			isa = XCBuildConfiguration;
			baseConfigurationReference = A6333574399BB3D0C7E3E996 /* Pods-flixster-flixsterUITests.debug.xcconfig */;
			buildSettings = {
				ALWAYS_EMBED_SWIFT_STANDARD_LIBRARIES = YES;
				CODE_SIGN_STYLE = Automatic;
				INFOPLIST_FILE = flixsterUITests/Info.plist;
				LD_RUNPATH_SEARCH_PATHS = (
					"$(inherited)",
					"@executable_path/Frameworks",
					"@loader_path/Frameworks",
				);
				PRODUCT_BUNDLE_IDENTIFIER = com.salas.jorge.flixsterUITests;
				PRODUCT_NAME = "$(TARGET_NAME)";
				SWIFT_VERSION = 5.0;
				TARGETED_DEVICE_FAMILY = "1,2";
				TEST_TARGET_NAME = flixster;
			};
			name = Debug;
		};
		F17FBE3B23E2AE8700CADC8B /* Release */ = {
			isa = XCBuildConfiguration;
			baseConfigurationReference = A0624936465A84A6AC15EFA5 /* Pods-flixster-flixsterUITests.release.xcconfig */;
			buildSettings = {
				ALWAYS_EMBED_SWIFT_STANDARD_LIBRARIES = YES;
				CODE_SIGN_STYLE = Automatic;
				INFOPLIST_FILE = flixsterUITests/Info.plist;
				LD_RUNPATH_SEARCH_PATHS = (
					"$(inherited)",
					"@executable_path/Frameworks",
					"@loader_path/Frameworks",
				);
				PRODUCT_BUNDLE_IDENTIFIER = com.salas.jorge.flixsterUITests;
				PRODUCT_NAME = "$(TARGET_NAME)";
				SWIFT_VERSION = 5.0;
				TARGETED_DEVICE_FAMILY = "1,2";
				TEST_TARGET_NAME = flixster;
			};
			name = Release;
		};
/* End XCBuildConfiguration section */

/* Begin XCConfigurationList section */
		F17FBE0423E2AE8500CADC8B /* Build configuration list for PBXProject "flixster" */ = {
			isa = XCConfigurationList;
			buildConfigurations = (
				F17FBE3123E2AE8700CADC8B /* Debug */,
				F17FBE3223E2AE8700CADC8B /* Release */,
			);
			defaultConfigurationIsVisible = 0;
			defaultConfigurationName = Release;
		};
		F17FBE3323E2AE8700CADC8B /* Build configuration list for PBXNativeTarget "flixster" */ = {
			isa = XCConfigurationList;
			buildConfigurations = (
				F17FBE3423E2AE8700CADC8B /* Debug */,
				F17FBE3523E2AE8700CADC8B /* Release */,
			);
			defaultConfigurationIsVisible = 0;
			defaultConfigurationName = Release;
		};
		F17FBE3623E2AE8700CADC8B /* Build configuration list for PBXNativeTarget "flixsterTests" */ = {
			isa = XCConfigurationList;
			buildConfigurations = (
				F17FBE3723E2AE8700CADC8B /* Debug */,
				F17FBE3823E2AE8700CADC8B /* Release */,
			);
			defaultConfigurationIsVisible = 0;
			defaultConfigurationName = Release;
		};
		F17FBE3923E2AE8700CADC8B /* Build configuration list for PBXNativeTarget "flixsterUITests" */ = {
			isa = XCConfigurationList;
			buildConfigurations = (
				F17FBE3A23E2AE8700CADC8B /* Debug */,
				F17FBE3B23E2AE8700CADC8B /* Release */,
			);
			defaultConfigurationIsVisible = 0;
			defaultConfigurationName = Release;
		};
/* End XCConfigurationList section */
	};
	rootObject = F17FBE0123E2AE8500CADC8B /* Project object */;
}
